<?xml version="1.0"?>
<plist version="1.0">
	<dict>
		<key>archiveVersion</key>
		<string>1</string>
		<key>classes</key>
		<dict />
		<key>objectVersion</key>
		<string>46</string>
		<key>objects</key>
		<dict>
			<key>C279B11BAEFB3648DFC8AF1E</key>
			<dict>
				<key>explicitFileType</key>
				<string>sourcecode.c.h</string>
				<key>fileEncoding</key>
				<string>4</string>
				<key>isa</key>
				<string>PBXFileReference</string>
				<key>name</key>
				<string>ofxFluid.h</string>
				<key>path</key>
				<string>../projectGenerator/addons/ofxFluid/src/ofxFluid.h</string>
				<key>sourceTree</key>
				<string>SOURCE_ROOT</string>
			</dict>
			<key>331B2291D2642CA1A93D922A</key>
			<dict>
				<key>children</key>
				<array>
					<string>17BF628CF774982DF119E73E</string>
					<string>C279B11BAEFB3648DFC8AF1E</string>
				</array>
				<key>isa</key>
				<string>PBXGroup</string>
				<key>name</key>
				<string>src</string>
				<key>sourceTree</key>
				<string>&lt;group&gt;</string>
			</dict>
			<key>AC589A74CE1B327ED3EED72A</key>
			<dict>
				<key>children</key>
				<array>
					<string>331B2291D2642CA1A93D922A</string>
				</array>
				<key>isa</key>
				<string>PBXGroup</string>
				<key>name</key>
				<string>ofxFluid</string>
				<key>sourceTree</key>
				<string>&lt;group&gt;</string>
			</dict>
			<key>687DB5B854C629E6AEC3BED9</key>
			<dict>
				<key>fileRef</key>
				<string>17BF628CF774982DF119E73E</string>
				<key>isa</key>
				<string>PBXBuildFile</string>
			</dict>
			<key>17BF628CF774982DF119E73E</key>
			<dict>
				<key>explicitFileType</key>
				<string>sourcecode.cpp.cpp</string>
				<key>fileEncoding</key>
				<string>4</string>
				<key>isa</key>
				<string>PBXFileReference</string>
				<key>name</key>
				<string>ofxFluid.cpp</string>
				<key>path</key>
				<string>../projectGenerator/addons/ofxFluid/src/ofxFluid.cpp</string>
				<key>sourceTree</key>
				<string>SOURCE_ROOT</string>
			</dict>
			<key>FA8CEDA1D49A7F0A444CB203</key>
			<dict>
				<key>explicitFileType</key>
				<string>sourcecode.c.h</string>
				<key>fileEncoding</key>
				<string>4</string>
				<key>isa</key>
				<string>PBXFileReference</string>
				<key>name</key>
				<string>kiss_fftr.h</string>
				<key>path</key>
				<string>../projectGenerator/addons/ofxFft/libs/kiss/kiss_fftr.h</string>
				<key>sourceTree</key>
				<string>SOURCE_ROOT</string>
			</dict>
			<key>D36DB7AD51CED10DFFBAF1A6</key>
			<dict>
				<key>fileRef</key>
				<string>8B46FC23E7995788E190FA61</string>
				<key>isa</key>
				<string>PBXBuildFile</string>
			</dict>
			<key>8B46FC23E7995788E190FA61</key>
			<dict>
				<key>explicitFileType</key>
				<string>sourcecode.c.c</string>
				<key>fileEncoding</key>
				<string>4</string>
				<key>isa</key>
				<string>PBXFileReference</string>
				<key>name</key>
				<string>kiss_fftr.c</string>
				<key>path</key>
				<string>../projectGenerator/addons/ofxFft/libs/kiss/kiss_fftr.c</string>
				<key>sourceTree</key>
				<string>SOURCE_ROOT</string>
			</dict>
			<key>AC3E4416EB236C3A462AC394</key>
			<dict>
				<key>explicitFileType</key>
				<string>sourcecode.c.h</string>
				<key>fileEncoding</key>
				<string>4</string>
				<key>isa</key>
				<string>PBXFileReference</string>
				<key>name</key>
				<string>kiss_fft.h</string>
				<key>path</key>
				<string>../projectGenerator/addons/ofxFft/libs/kiss/kiss_fft.h</string>
				<key>sourceTree</key>
				<string>SOURCE_ROOT</string>
			</dict>
			<key>05435FC28FBC5FE77202EC60</key>
			<dict>
				<key>fileRef</key>
				<string>5F5EA39170BA3675C39C9310</string>
				<key>isa</key>
				<string>PBXBuildFile</string>
			</dict>
			<key>5F5EA39170BA3675C39C9310</key>
			<dict>
				<key>explicitFileType</key>
				<string>sourcecode.c.c</string>
				<key>fileEncoding</key>
				<string>4</string>
				<key>isa</key>
				<string>PBXFileReference</string>
				<key>name</key>
				<string>kiss_fft.c</string>
				<key>path</key>
				<string>../projectGenerator/addons/ofxFft/libs/kiss/kiss_fft.c</string>
				<key>sourceTree</key>
				<string>SOURCE_ROOT</string>
			</dict>
			<key>A2C4D2900B6384FDE5E77208</key>
			<dict>
				<key>children</key>
				<array>
					<string>DD73DF6FAF534B9156C6173E</string>
					<string>5F5EA39170BA3675C39C9310</string>
					<string>AC3E4416EB236C3A462AC394</string>
					<string>8B46FC23E7995788E190FA61</string>
					<string>FA8CEDA1D49A7F0A444CB203</string>
				</array>
				<key>isa</key>
				<string>PBXGroup</string>
				<key>name</key>
				<string>kiss</string>
				<key>sourceTree</key>
				<string>&lt;group&gt;</string>
			</dict>
			<key>DD73DF6FAF534B9156C6173E</key>
			<dict>
				<key>explicitFileType</key>
				<string>sourcecode.c.h</string>
				<key>fileEncoding</key>
				<string>4</string>
				<key>isa</key>
				<string>PBXFileReference</string>
				<key>name</key>
				<string>_kiss_fft_guts.h</string>
				<key>path</key>
				<string>../projectGenerator/addons/ofxFft/libs/kiss/_kiss_fft_guts.h</string>
				<key>sourceTree</key>
				<string>SOURCE_ROOT</string>
			</dict>
			<key>F2022DF37286FECB8B9BA5B2</key>
			<dict>
				<key>children</key>
				<array>
					<string>01E1896C57007F02096308D3</string>
				</array>
				<key>isa</key>
				<string>PBXGroup</string>
				<key>name</key>
				<string>include</string>
				<key>sourceTree</key>
				<string>&lt;group&gt;</string>
			</dict>
			<key>A0535D33570F65575182C18F</key>
			<dict>
				<key>children</key>
				<array>
					<string>F2022DF37286FECB8B9BA5B2</string>
				</array>
				<key>isa</key>
				<string>PBXGroup</string>
				<key>name</key>
				<string>fftw</string>
				<key>sourceTree</key>
				<string>&lt;group&gt;</string>
			</dict>
			<key>72C89FAFAC11F96856792042</key>
			<dict>
				<key>children</key>
				<array>
					<string>A0535D33570F65575182C18F</string>
					<string>A2C4D2900B6384FDE5E77208</string>
				</array>
				<key>isa</key>
				<string>PBXGroup</string>
				<key>name</key>
				<string>libs</string>
				<key>sourceTree</key>
				<string>&lt;group&gt;</string>
			</dict>
			<key>01E1896C57007F02096308D3</key>
			<dict>
				<key>explicitFileType</key>
				<string>sourcecode.c.h</string>
				<key>fileEncoding</key>
				<string>4</string>
				<key>isa</key>
				<string>PBXFileReference</string>
				<key>name</key>
				<string>fftw3.h</string>
				<key>path</key>
				<string>../projectGenerator/addons/ofxFft/libs/fftw/include/fftw3.h</string>
				<key>sourceTree</key>
				<string>SOURCE_ROOT</string>
			</dict>
			<key>217F9746EA7F930FBDE62F62</key>
			<dict>
				<key>explicitFileType</key>
				<string>sourcecode.c.h</string>
				<key>fileEncoding</key>
				<string>4</string>
				<key>isa</key>
				<string>PBXFileReference</string>
				<key>name</key>
				<string>ofxProcessFFT.h</string>
				<key>path</key>
				<string>../projectGenerator/addons/ofxFft/src/ofxProcessFFT.h</string>
				<key>sourceTree</key>
				<string>SOURCE_ROOT</string>
			</dict>
			<key>E19BF0E3D66ACE4FE94122B9</key>
			<dict>
				<key>fileRef</key>
				<string>41958FA7B3BD1E002D1F755C</string>
				<key>isa</key>
				<string>PBXBuildFile</string>
			</dict>
			<key>41958FA7B3BD1E002D1F755C</key>
			<dict>
				<key>explicitFileType</key>
				<string>sourcecode.cpp.cpp</string>
				<key>fileEncoding</key>
				<string>4</string>
				<key>isa</key>
				<string>PBXFileReference</string>
				<key>name</key>
				<string>ofxProcessFFT.cpp</string>
				<key>path</key>
				<string>../projectGenerator/addons/ofxFft/src/ofxProcessFFT.cpp</string>
				<key>sourceTree</key>
				<string>SOURCE_ROOT</string>
			</dict>
			<key>89FB6826FEF87D3E87EE6BBF</key>
			<dict>
				<key>explicitFileType</key>
				<string>sourcecode.c.h</string>
				<key>fileEncoding</key>
				<string>4</string>
				<key>isa</key>
				<string>PBXFileReference</string>
				<key>name</key>
				<string>ofxFftw.h</string>
				<key>path</key>
				<string>../projectGenerator/addons/ofxFft/src/ofxFftw.h</string>
				<key>sourceTree</key>
				<string>SOURCE_ROOT</string>
			</dict>
			<key>01FB873059D07DBD4C56B7C0</key>
			<dict>
				<key>fileRef</key>
				<string>E386BA0F2F607B2CE762AE9F</string>
				<key>isa</key>
				<string>PBXBuildFile</string>
			</dict>
			<key>E386BA0F2F607B2CE762AE9F</key>
			<dict>
				<key>explicitFileType</key>
				<string>sourcecode.cpp.cpp</string>
				<key>fileEncoding</key>
				<string>4</string>
				<key>isa</key>
				<string>PBXFileReference</string>
				<key>name</key>
				<string>ofxFftw.cpp</string>
				<key>path</key>
				<string>../projectGenerator/addons/ofxFft/src/ofxFftw.cpp</string>
				<key>sourceTree</key>
				<string>SOURCE_ROOT</string>
			</dict>
			<key>772ED40ADC7F9E8D2E7866B2</key>
			<dict>
				<key>explicitFileType</key>
				<string>sourcecode.c.h</string>
				<key>fileEncoding</key>
				<string>4</string>
				<key>isa</key>
				<string>PBXFileReference</string>
				<key>name</key>
				<string>ofxFftBasic.h</string>
				<key>path</key>
				<string>../projectGenerator/addons/ofxFft/src/ofxFftBasic.h</string>
				<key>sourceTree</key>
				<string>SOURCE_ROOT</string>
			</dict>
			<key>29B4C4035B6570356B05AEEC</key>
			<dict>
				<key>fileRef</key>
				<string>90878486325C9E94CF289766</string>
				<key>isa</key>
				<string>PBXBuildFile</string>
			</dict>
			<key>90878486325C9E94CF289766</key>
			<dict>
				<key>explicitFileType</key>
				<string>sourcecode.cpp.cpp</string>
				<key>fileEncoding</key>
				<string>4</string>
				<key>isa</key>
				<string>PBXFileReference</string>
				<key>name</key>
				<string>ofxFftBasic.cpp</string>
				<key>path</key>
				<string>../projectGenerator/addons/ofxFft/src/ofxFftBasic.cpp</string>
				<key>sourceTree</key>
				<string>SOURCE_ROOT</string>
			</dict>
			<key>5009751E230B8AC424C13912</key>
			<dict>
				<key>explicitFileType</key>
				<string>sourcecode.c.h</string>
				<key>fileEncoding</key>
				<string>4</string>
				<key>isa</key>
				<string>PBXFileReference</string>
				<key>name</key>
				<string>ofxFft.h</string>
				<key>path</key>
				<string>../projectGenerator/addons/ofxFft/src/ofxFft.h</string>
				<key>sourceTree</key>
				<string>SOURCE_ROOT</string>
			</dict>
			<key>DBF436FA47A6256BE8839A23</key>
			<dict>
				<key>fileRef</key>
				<string>B86A87633C5926175B9996EF</string>
				<key>isa</key>
				<string>PBXBuildFile</string>
			</dict>
			<key>B86A87633C5926175B9996EF</key>
			<dict>
				<key>explicitFileType</key>
				<string>sourcecode.cpp.cpp</string>
				<key>fileEncoding</key>
				<string>4</string>
				<key>isa</key>
				<string>PBXFileReference</string>
				<key>name</key>
				<string>ofxFft.cpp</string>
				<key>path</key>
				<string>../projectGenerator/addons/ofxFft/src/ofxFft.cpp</string>
				<key>sourceTree</key>
				<string>SOURCE_ROOT</string>
			</dict>
			<key>A3908EB08E8125A62A5FF949</key>
			<dict>
				<key>explicitFileType</key>
				<string>sourcecode.c.h</string>
				<key>fileEncoding</key>
				<string>4</string>
				<key>isa</key>
				<string>PBXFileReference</string>
				<key>name</key>
				<string>ofxEasyFft.h</string>
				<key>path</key>
				<string>../projectGenerator/addons/ofxFft/src/ofxEasyFft.h</string>
				<key>sourceTree</key>
				<string>SOURCE_ROOT</string>
			</dict>
			<key>14D2E3EE0233F84B1B324DD9</key>
			<dict>
				<key>children</key>
				<array>
					<string>273C795DA815E44F7FB7D486</string>
					<string>A3908EB08E8125A62A5FF949</string>
					<string>B86A87633C5926175B9996EF</string>
					<string>5009751E230B8AC424C13912</string>
					<string>90878486325C9E94CF289766</string>
					<string>772ED40ADC7F9E8D2E7866B2</string>
					<string>E386BA0F2F607B2CE762AE9F</string>
					<string>89FB6826FEF87D3E87EE6BBF</string>
					<string>41958FA7B3BD1E002D1F755C</string>
					<string>217F9746EA7F930FBDE62F62</string>
				</array>
				<key>isa</key>
				<string>PBXGroup</string>
				<key>name</key>
				<string>src</string>
				<key>sourceTree</key>
				<string>&lt;group&gt;</string>
			</dict>
			<key>BBC2B4228932C2AACC6701CF</key>
			<dict>
				<key>children</key>
				<array>
					<string>14D2E3EE0233F84B1B324DD9</string>
					<string>72C89FAFAC11F96856792042</string>
				</array>
				<key>isa</key>
				<string>PBXGroup</string>
				<key>name</key>
				<string>ofxFft</string>
				<key>sourceTree</key>
				<string>&lt;group&gt;</string>
			</dict>
			<key>BAFD212FADDB724BAAF36E17</key>
			<dict>
				<key>fileRef</key>
				<string>273C795DA815E44F7FB7D486</string>
				<key>isa</key>
				<string>PBXBuildFile</string>
			</dict>
			<key>273C795DA815E44F7FB7D486</key>
			<dict>
				<key>explicitFileType</key>
				<string>sourcecode.cpp.cpp</string>
				<key>fileEncoding</key>
				<string>4</string>
				<key>isa</key>
				<string>PBXFileReference</string>
				<key>name</key>
				<string>ofxEasyFft.cpp</string>
				<key>path</key>
				<string>../projectGenerator/addons/ofxFft/src/ofxEasyFft.cpp</string>
				<key>sourceTree</key>
				<string>SOURCE_ROOT</string>
			</dict>
			<key>705F57D67822D548D92D16D2</key>
			<dict>
				<key>explicitFileType</key>
				<string>sourcecode.c.h</string>
				<key>fileEncoding</key>
				<string>4</string>
				<key>isa</key>
				<string>PBXFileReference</string>
				<key>name</key>
				<string>ofxThreshold.h</string>
				<key>path</key>
				<string>../projectGenerator/addons/ofxFX/src/operations/ofxThreshold.h</string>
				<key>sourceTree</key>
				<string>SOURCE_ROOT</string>
			</dict>
			<key>736F1F9FC1D026A88B3B9117</key>
			<dict>
				<key>explicitFileType</key>
				<string>sourcecode.c.h</string>
				<key>fileEncoding</key>
				<string>4</string>
				<key>isa</key>
				<string>PBXFileReference</string>
				<key>name</key>
				<string>ofxSubstract.h</string>
				<key>path</key>
				<string>../projectGenerator/addons/ofxFX/src/operations/ofxSubstract.h</string>
				<key>sourceTree</key>
				<string>SOURCE_ROOT</string>
			</dict>
			<key>4F2880A5F1D8C44152584AC4</key>
			<dict>
				<key>explicitFileType</key>
				<string>sourcecode.c.h</string>
				<key>fileEncoding</key>
				<string>4</string>
				<key>isa</key>
				<string>PBXFileReference</string>
				<key>name</key>
				<string>ofxRipples.h</string>
				<key>path</key>
				<string>../projectGenerator/addons/ofxFX/src/operations/ofxRipples.h</string>
				<key>sourceTree</key>
				<string>SOURCE_ROOT</string>
			</dict>
			<key>7CEA45971BDCA6BB9EAF6333</key>
			<dict>
				<key>explicitFileType</key>
				<string>sourcecode.c.h</string>
				<key>fileEncoding</key>
				<string>4</string>
				<key>isa</key>
				<string>PBXFileReference</string>
				<key>name</key>
				<string>ofxNormals.h</string>
				<key>path</key>
				<string>../projectGenerator/addons/ofxFX/src/operations/ofxNormals.h</string>
				<key>sourceTree</key>
				<string>SOURCE_ROOT</string>
			</dict>
			<key>5CBE09BAD73DB0B82F2150CB</key>
			<dict>
				<key>explicitFileType</key>
				<string>sourcecode.c.h</string>
				<key>fileEncoding</key>
				<string>4</string>
				<key>isa</key>
				<string>PBXFileReference</string>
				<key>name</key>
				<string>ofxFlow.h</string>
				<key>path</key>
				<string>../projectGenerator/addons/ofxFX/src/operations/ofxFlow.h</string>
				<key>sourceTree</key>
				<string>SOURCE_ROOT</string>
			</dict>
			<key>532EA8595905666E76805723</key>
			<dict>
				<key>explicitFileType</key>
				<string>sourcecode.c.h</string>
				<key>fileEncoding</key>
				<string>4</string>
				<key>isa</key>
				<string>PBXFileReference</string>
				<key>name</key>
				<string>ofxEdgeDetect.h</string>
				<key>path</key>
				<string>../projectGenerator/addons/ofxFX/src/operations/ofxEdgeDetect.h</string>
				<key>sourceTree</key>
				<string>SOURCE_ROOT</string>
			</dict>
			<key>C72C787B1AE7AF6058FA6F48</key>
			<dict>
				<key>explicitFileType</key>
				<string>sourcecode.c.h</string>
				<key>fileEncoding</key>
				<string>4</string>
				<key>isa</key>
				<string>PBXFileReference</string>
				<key>name</key>
				<string>ofxDisplacePixels.h</string>
				<key>path</key>
				<string>../projectGenerator/addons/ofxFX/src/operations/ofxDisplacePixels.h</string>
				<key>sourceTree</key>
				<string>SOURCE_ROOT</string>
			</dict>
			<key>DC5DD180949D523F8C667A26</key>
			<dict>
				<key>explicitFileType</key>
				<string>sourcecode.c.h</string>
				<key>fileEncoding</key>
				<string>4</string>
				<key>isa</key>
				<string>PBXFileReference</string>
				<key>name</key>
				<string>ofxBounce.h</string>
				<key>path</key>
				<string>../projectGenerator/addons/ofxFX/src/operations/ofxBounce.h</string>
				<key>sourceTree</key>
				<string>SOURCE_ROOT</string>
			</dict>
			<key>44AC956B7DDEB3EA3AA33B00</key>
			<dict>
				<key>children</key>
				<array>
					<string>B9D2AD22929F5C486BEC90E5</string>
					<string>DC5DD180949D523F8C667A26</string>
					<string>C72C787B1AE7AF6058FA6F48</string>
					<string>532EA8595905666E76805723</string>
					<string>5CBE09BAD73DB0B82F2150CB</string>
					<string>7CEA45971BDCA6BB9EAF6333</string>
					<string>4F2880A5F1D8C44152584AC4</string>
					<string>736F1F9FC1D026A88B3B9117</string>
					<string>705F57D67822D548D92D16D2</string>
				</array>
				<key>isa</key>
				<string>PBXGroup</string>
				<key>name</key>
				<string>operations</string>
				<key>sourceTree</key>
				<string>&lt;group&gt;</string>
			</dict>
			<key>B9D2AD22929F5C486BEC90E5</key>
			<dict>
				<key>explicitFileType</key>
				<string>sourcecode.c.h</string>
				<key>fileEncoding</key>
				<string>4</string>
				<key>isa</key>
				<string>PBXFileReference</string>
				<key>name</key>
				<string>ofxAbsDiff.h</string>
				<key>path</key>
				<string>../projectGenerator/addons/ofxFX/src/operations/ofxAbsDiff.h</string>
				<key>sourceTree</key>
				<string>SOURCE_ROOT</string>
			</dict>
			<key>6F4E14FE3F5164B52EF072EF</key>
			<dict>
				<key>explicitFileType</key>
				<string>sourcecode.c.h</string>
				<key>fileEncoding</key>
				<string>4</string>
				<key>isa</key>
				<string>PBXFileReference</string>
				<key>name</key>
				<string>ofxSwapBuffer.h</string>
				<key>path</key>
				<string>../projectGenerator/addons/ofxFX/src/ofxSwapBuffer.h</string>
				<key>sourceTree</key>
				<string>SOURCE_ROOT</string>
			</dict>
			<key>2D4354CE79FDC8CA0929F66D</key>
			<dict>
				<key>explicitFileType</key>
				<string>sourcecode.c.h</string>
				<key>fileEncoding</key>
				<string>4</string>
				<key>isa</key>
				<string>PBXFileReference</string>
				<key>name</key>
				<string>ofxFXObject.h</string>
				<key>path</key>
				<string>../projectGenerator/addons/ofxFX/src/ofxFXObject.h</string>
				<key>sourceTree</key>
				<string>SOURCE_ROOT</string>
			</dict>
			<key>55A9BC8A851588DABBAC729A</key>
			<dict>
				<key>fileRef</key>
				<string>F4F1ABFD5E4AF95D3775CCB8</string>
				<key>isa</key>
				<string>PBXBuildFile</string>
			</dict>
			<key>F4F1ABFD5E4AF95D3775CCB8</key>
			<dict>
				<key>explicitFileType</key>
				<string>sourcecode.cpp.cpp</string>
				<key>fileEncoding</key>
				<string>4</string>
				<key>isa</key>
				<string>PBXFileReference</string>
				<key>name</key>
				<string>ofxFXObject.cpp</string>
				<key>path</key>
				<string>../projectGenerator/addons/ofxFX/src/ofxFXObject.cpp</string>
				<key>sourceTree</key>
				<string>SOURCE_ROOT</string>
			</dict>
			<key>65EA67F4DC58C8A7D5980FF5</key>
			<dict>
				<key>explicitFileType</key>
				<string>sourcecode.c.h</string>
				<key>fileEncoding</key>
				<string>4</string>
				<key>isa</key>
				<string>PBXFileReference</string>
				<key>name</key>
				<string>ofxFX.h</string>
				<key>path</key>
				<string>../projectGenerator/addons/ofxFX/src/ofxFX.h</string>
				<key>sourceTree</key>
				<string>SOURCE_ROOT</string>
			</dict>
			<key>C61E9EF5ED39FC49786FB33A</key>
			<dict>
				<key>explicitFileType</key>
				<string>sourcecode.c.h</string>
				<key>fileEncoding</key>
				<string>4</string>
				<key>isa</key>
				<string>PBXFileReference</string>
				<key>name</key>
				<string>ofxTint.h</string>
				<key>path</key>
				<string>../projectGenerator/addons/ofxFX/src/generative/ofxTint.h</string>
				<key>sourceTree</key>
				<string>SOURCE_ROOT</string>
			</dict>
			<key>3C2AB799AAA5C78CC9EEE173</key>
			<dict>
				<key>explicitFileType</key>
				<string>sourcecode.c.h</string>
				<key>fileEncoding</key>
				<string>4</string>
				<key>isa</key>
				<string>PBXFileReference</string>
				<key>name</key>
				<string>ofxNoise.h</string>
				<key>path</key>
				<string>../projectGenerator/addons/ofxFX/src/generative/ofxNoise.h</string>
				<key>sourceTree</key>
				<string>SOURCE_ROOT</string>
			</dict>
			<key>AB36ECA423D1F993CFE7B290</key>
			<dict>
				<key>explicitFileType</key>
				<string>sourcecode.c.h</string>
				<key>fileEncoding</key>
				<string>4</string>
				<key>isa</key>
				<string>PBXFileReference</string>
				<key>name</key>
				<string>ofxGrayScott.h</string>
				<key>path</key>
				<string>../projectGenerator/addons/ofxFX/src/generative/ofxGrayScott.h</string>
				<key>sourceTree</key>
				<string>SOURCE_ROOT</string>
			</dict>
			<key>4C95475D23BF586232842B8C</key>
			<dict>
				<key>explicitFileType</key>
				<string>sourcecode.c.h</string>
				<key>fileEncoding</key>
				<string>4</string>
				<key>isa</key>
				<string>PBXFileReference</string>
				<key>name</key>
				<string>ofxFire.h</string>
				<key>path</key>
				<string>../projectGenerator/addons/ofxFX/src/generative/ofxFire.h</string>
				<key>sourceTree</key>
				<string>SOURCE_ROOT</string>
			</dict>
			<key>C959CBA3130BE8E72D38F769</key>
			<dict>
				<key>children</key>
				<array>
					<string>7A29C8BF60E1BF6354B705A8</string>
					<string>4C95475D23BF586232842B8C</string>
					<string>AB36ECA423D1F993CFE7B290</string>
					<string>3C2AB799AAA5C78CC9EEE173</string>
					<string>C61E9EF5ED39FC49786FB33A</string>
				</array>
				<key>isa</key>
				<string>PBXGroup</string>
				<key>name</key>
				<string>generative</string>
				<key>sourceTree</key>
				<string>&lt;group&gt;</string>
			</dict>
			<key>7A29C8BF60E1BF6354B705A8</key>
			<dict>
				<key>explicitFileType</key>
				<string>sourcecode.c.h</string>
				<key>fileEncoding</key>
				<string>4</string>
				<key>isa</key>
				<string>PBXFileReference</string>
				<key>name</key>
				<string>ofxFBM.h</string>
				<key>path</key>
				<string>../projectGenerator/addons/ofxFX/src/generative/ofxFBM.h</string>
				<key>sourceTree</key>
				<string>SOURCE_ROOT</string>
			</dict>
			<key>8FEA846BD03F6B0D69F0D4D4</key>
			<dict>
				<key>explicitFileType</key>
				<string>sourcecode.c.h</string>
				<key>fileEncoding</key>
				<string>4</string>
				<key>isa</key>
				<string>PBXFileReference</string>
				<key>name</key>
				<string>ofxOldTv.h</string>
				<key>path</key>
				<string>../projectGenerator/addons/ofxFX/src/filters/ofxOldTv.h</string>
				<key>sourceTree</key>
				<string>SOURCE_ROOT</string>
			</dict>
			<key>3E4ED42C57666886E428D31B</key>
			<dict>
				<key>explicitFileType</key>
				<string>sourcecode.c.h</string>
				<key>fileEncoding</key>
				<string>4</string>
				<key>isa</key>
				<string>PBXFileReference</string>
				<key>name</key>
				<string>ofxMedian.h</string>
				<key>path</key>
				<string>../projectGenerator/addons/ofxFX/src/filters/ofxMedian.h</string>
				<key>sourceTree</key>
				<string>SOURCE_ROOT</string>
			</dict>
			<key>C0E745FB32D421B0D377CC18</key>
			<dict>
				<key>explicitFileType</key>
				<string>sourcecode.c.h</string>
				<key>fileEncoding</key>
				<string>4</string>
				<key>isa</key>
				<string>PBXFileReference</string>
				<key>name</key>
				<string>ofxLUT.h</string>
				<key>path</key>
				<string>../projectGenerator/addons/ofxFX/src/filters/ofxLUT.h</string>
				<key>sourceTree</key>
				<string>SOURCE_ROOT</string>
			</dict>
			<key>F10AAE172F40FA9BA6372BDE</key>
			<dict>
				<key>explicitFileType</key>
				<string>sourcecode.c.h</string>
				<key>fileEncoding</key>
				<string>4</string>
				<key>isa</key>
				<string>PBXFileReference</string>
				<key>name</key>
				<string>ofxInverse.h</string>
				<key>path</key>
				<string>../projectGenerator/addons/ofxFX/src/filters/ofxInverse.h</string>
				<key>sourceTree</key>
				<string>SOURCE_ROOT</string>
			</dict>
			<key>264CDA6716600F6223210E50</key>
			<dict>
				<key>explicitFileType</key>
				<string>sourcecode.c.h</string>
				<key>fileEncoding</key>
				<string>4</string>
				<key>isa</key>
				<string>PBXFileReference</string>
				<key>name</key>
				<string>ofxGrayscale.h</string>
				<key>path</key>
				<string>../projectGenerator/addons/ofxFX/src/filters/ofxGrayscale.h</string>
				<key>sourceTree</key>
				<string>SOURCE_ROOT</string>
			</dict>
			<key>1D222B6FE1D7E9BBC37E93A7</key>
			<dict>
				<key>explicitFileType</key>
				<string>sourcecode.c.h</string>
				<key>fileEncoding</key>
				<string>4</string>
				<key>isa</key>
				<string>PBXFileReference</string>
				<key>name</key>
				<string>ofxGlow.h</string>
				<key>path</key>
				<string>../projectGenerator/addons/ofxFX/src/filters/ofxGlow.h</string>
				<key>sourceTree</key>
				<string>SOURCE_ROOT</string>
			</dict>
			<key>4E28FC022208505930B7EE31</key>
			<dict>
				<key>explicitFileType</key>
				<string>sourcecode.c.h</string>
				<key>fileEncoding</key>
				<string>4</string>
				<key>isa</key>
				<string>PBXFileReference</string>
				<key>name</key>
				<string>ofxGaussianBlur.h</string>
				<key>path</key>
				<string>../projectGenerator/addons/ofxFX/src/filters/ofxGaussianBlur.h</string>
				<key>sourceTree</key>
				<string>SOURCE_ROOT</string>
			</dict>
			<key>341BA62C74306F249F1E7180</key>
			<dict>
				<key>explicitFileType</key>
				<string>sourcecode.c.h</string>
				<key>fileEncoding</key>
				<string>4</string>
				<key>isa</key>
				<string>PBXFileReference</string>
				<key>name</key>
				<string>ofxContrast.h</string>
				<key>path</key>
				<string>../projectGenerator/addons/ofxFX/src/filters/ofxContrast.h</string>
				<key>sourceTree</key>
				<string>SOURCE_ROOT</string>
			</dict>
			<key>2E23975DF66594583AD556DD</key>
			<dict>
				<key>explicitFileType</key>
				<string>sourcecode.c.h</string>
				<key>fileEncoding</key>
				<string>4</string>
				<key>isa</key>
				<string>PBXFileReference</string>
				<key>name</key>
				<string>ofxChromaGlitch.h</string>
				<key>path</key>
				<string>../projectGenerator/addons/ofxFX/src/filters/ofxChromaGlitch.h</string>
				<key>sourceTree</key>
				<string>SOURCE_ROOT</string>
			</dict>
			<key>ACFCB03756E11AE6F301BD19</key>
			<dict>
				<key>explicitFileType</key>
				<string>sourcecode.c.h</string>
				<key>fileEncoding</key>
				<string>4</string>
				<key>isa</key>
				<string>PBXFileReference</string>
				<key>name</key>
				<string>ofxChromaAb.h</string>
				<key>path</key>
				<string>../projectGenerator/addons/ofxFX/src/filters/ofxChromaAb.h</string>
				<key>sourceTree</key>
				<string>SOURCE_ROOT</string>
			</dict>
			<key>FBAE9EE7FA8D2758A53C1782</key>
			<dict>
				<key>explicitFileType</key>
				<string>sourcecode.c.h</string>
				<key>fileEncoding</key>
				<string>4</string>
				<key>isa</key>
				<string>PBXFileReference</string>
				<key>name</key>
				<string>ofxBokeh.h</string>
				<key>path</key>
				<string>../projectGenerator/addons/ofxFX/src/filters/ofxBokeh.h</string>
				<key>sourceTree</key>
				<string>SOURCE_ROOT</string>
			</dict>
			<key>23358B10070C756CFE99AAD9</key>
			<dict>
				<key>explicitFileType</key>
				<string>sourcecode.c.h</string>
				<key>fileEncoding</key>
				<string>4</string>
				<key>isa</key>
				<string>PBXFileReference</string>
				<key>name</key>
				<string>ofxBlur.h</string>
				<key>path</key>
				<string>../projectGenerator/addons/ofxFX/src/filters/ofxBlur.h</string>
				<key>sourceTree</key>
				<string>SOURCE_ROOT</string>
			</dict>
			<key>F2CDDC2DEA5BDAD8C1FAFC0A</key>
			<dict>
				<key>explicitFileType</key>
				<string>sourcecode.c.h</string>
				<key>fileEncoding</key>
				<string>4</string>
				<key>isa</key>
				<string>PBXFileReference</string>
				<key>name</key>
				<string>ofxBloom.h</string>
				<key>path</key>
				<string>../projectGenerator/addons/ofxFX/src/filters/ofxBloom.h</string>
				<key>sourceTree</key>
				<string>SOURCE_ROOT</string>
			</dict>
			<key>389FE9FFF8F20EA90A671145</key>
			<dict>
				<key>children</key>
				<array>
					<string>4861C21E02C7481DC36973E7</string>
					<string>F2CDDC2DEA5BDAD8C1FAFC0A</string>
					<string>23358B10070C756CFE99AAD9</string>
					<string>FBAE9EE7FA8D2758A53C1782</string>
					<string>ACFCB03756E11AE6F301BD19</string>
					<string>2E23975DF66594583AD556DD</string>
					<string>341BA62C74306F249F1E7180</string>
					<string>4E28FC022208505930B7EE31</string>
					<string>1D222B6FE1D7E9BBC37E93A7</string>
					<string>264CDA6716600F6223210E50</string>
					<string>F10AAE172F40FA9BA6372BDE</string>
					<string>C0E745FB32D421B0D377CC18</string>
					<string>3E4ED42C57666886E428D31B</string>
					<string>8FEA846BD03F6B0D69F0D4D4</string>
				</array>
				<key>isa</key>
				<string>PBXGroup</string>
				<key>name</key>
				<string>filters</string>
				<key>sourceTree</key>
				<string>&lt;group&gt;</string>
			</dict>
			<key>4861C21E02C7481DC36973E7</key>
			<dict>
				<key>explicitFileType</key>
				<string>sourcecode.c.h</string>
				<key>fileEncoding</key>
				<string>4</string>
				<key>isa</key>
				<string>PBXFileReference</string>
				<key>name</key>
				<string>ofxBarrelChromaAb.h</string>
				<key>path</key>
				<string>../projectGenerator/addons/ofxFX/src/filters/ofxBarrelChromaAb.h</string>
				<key>sourceTree</key>
				<string>SOURCE_ROOT</string>
			</dict>
			<key>8B8C58304B2B8FD2052148CB</key>
			<dict>
				<key>explicitFileType</key>
				<string>sourcecode.c.h</string>
				<key>fileEncoding</key>
				<string>4</string>
				<key>isa</key>
				<string>PBXFileReference</string>
				<key>name</key>
				<string>ofxMultiTexture.h</string>
				<key>path</key>
				<string>../projectGenerator/addons/ofxFX/src/composers/ofxMultiTexture.h</string>
				<key>sourceTree</key>
				<string>SOURCE_ROOT</string>
			</dict>
			<key>034EAAABDC20E9ADD1D8A20F</key>
			<dict>
				<key>explicitFileType</key>
				<string>sourcecode.c.h</string>
				<key>fileEncoding</key>
				<string>4</string>
				<key>isa</key>
				<string>PBXFileReference</string>
				<key>name</key>
				<string>ofxMask.h</string>
				<key>path</key>
				<string>../projectGenerator/addons/ofxFX/src/composers/ofxMask.h</string>
				<key>sourceTree</key>
				<string>SOURCE_ROOT</string>
			</dict>
			<key>10E54FDB98ABEFCF977EF686</key>
			<dict>
				<key>explicitFileType</key>
				<string>sourcecode.c.h</string>
				<key>fileEncoding</key>
				<string>4</string>
				<key>isa</key>
				<string>PBXFileReference</string>
				<key>name</key>
				<string>ofxClone.h</string>
				<key>path</key>
				<string>../projectGenerator/addons/ofxFX/src/composers/ofxClone.h</string>
				<key>sourceTree</key>
				<string>SOURCE_ROOT</string>
			</dict>
			<key>E7FE87AA9AE5CA7BE8DFA759</key>
			<dict>
				<key>children</key>
				<array>
					<string>A5DFF3195120583C79DEE0CD</string>
					<string>10E54FDB98ABEFCF977EF686</string>
					<string>034EAAABDC20E9ADD1D8A20F</string>
					<string>8B8C58304B2B8FD2052148CB</string>
				</array>
				<key>isa</key>
				<string>PBXGroup</string>
				<key>name</key>
				<string>composers</string>
				<key>sourceTree</key>
				<string>&lt;group&gt;</string>
			</dict>
			<key>37EEAF5BE699F2C7DD676270</key>
			<dict>
				<key>children</key>
				<array>
					<string>E7FE87AA9AE5CA7BE8DFA759</string>
					<string>389FE9FFF8F20EA90A671145</string>
					<string>C959CBA3130BE8E72D38F769</string>
					<string>65EA67F4DC58C8A7D5980FF5</string>
					<string>F4F1ABFD5E4AF95D3775CCB8</string>
					<string>2D4354CE79FDC8CA0929F66D</string>
					<string>6F4E14FE3F5164B52EF072EF</string>
					<string>44AC956B7DDEB3EA3AA33B00</string>
				</array>
				<key>isa</key>
				<string>PBXGroup</string>
				<key>name</key>
				<string>src</string>
				<key>sourceTree</key>
				<string>&lt;group&gt;</string>
			</dict>
			<key>CABF1A23B637491112B10A00</key>
			<dict>
				<key>children</key>
				<array>
					<string>37EEAF5BE699F2C7DD676270</string>
				</array>
				<key>isa</key>
				<string>PBXGroup</string>
				<key>name</key>
				<string>ofxFX</string>
				<key>sourceTree</key>
				<string>&lt;group&gt;</string>
			</dict>
			<key>A5DFF3195120583C79DEE0CD</key>
			<dict>
				<key>explicitFileType</key>
				<string>sourcecode.c.h</string>
				<key>fileEncoding</key>
				<string>4</string>
				<key>isa</key>
				<string>PBXFileReference</string>
				<key>name</key>
				<string>ofxBlend.h</string>
				<key>path</key>
				<string>../projectGenerator/addons/ofxFX/src/composers/ofxBlend.h</string>
				<key>sourceTree</key>
				<string>SOURCE_ROOT</string>
			</dict>
			<key>33454661C0B0DB6E636ED206</key>
			<dict>
				<key>explicitFileType</key>
				<string>sourcecode.c.h</string>
				<key>fileEncoding</key>
				<string>4</string>
				<key>isa</key>
				<string>PBXFileReference</string>
				<key>name</key>
				<string>ofxBeat.h</string>
				<key>path</key>
				<string>../projectGenerator/addons/ofxBeat/src/ofxBeat.h</string>
				<key>sourceTree</key>
				<string>SOURCE_ROOT</string>
			</dict>
			<key>555F4A50925E3AAA9E665414</key>
			<dict>
				<key>fileRef</key>
				<string>929F9B48B6180F0A6756D732</string>
				<key>isa</key>
				<string>PBXBuildFile</string>
			</dict>
			<key>929F9B48B6180F0A6756D732</key>
			<dict>
				<key>explicitFileType</key>
				<string>sourcecode.cpp.cpp</string>
				<key>fileEncoding</key>
				<string>4</string>
				<key>isa</key>
				<string>PBXFileReference</string>
				<key>name</key>
				<string>ofxBeat.cpp</string>
				<key>path</key>
				<string>../projectGenerator/addons/ofxBeat/src/ofxBeat.cpp</string>
				<key>sourceTree</key>
				<string>SOURCE_ROOT</string>
			</dict>
			<key>1AB26B4172CB42AEE878D376</key>
			<dict>
				<key>explicitFileType</key>
				<string>sourcecode.c.h</string>
				<key>fileEncoding</key>
				<string>4</string>
				<key>isa</key>
				<string>PBXFileReference</string>
				<key>name</key>
				<string>fft.h</string>
				<key>path</key>
				<string>../projectGenerator/addons/ofxBeat/src/fft.h</string>
				<key>sourceTree</key>
				<string>SOURCE_ROOT</string>
			</dict>
			<key>2593B7743D30DF6DEB591433</key>
			<dict>
				<key>children</key>
				<array>
					<string>0611BC48B8E52F90200AD32C</string>
					<string>1AB26B4172CB42AEE878D376</string>
					<string>929F9B48B6180F0A6756D732</string>
					<string>33454661C0B0DB6E636ED206</string>
				</array>
				<key>isa</key>
				<string>PBXGroup</string>
				<key>name</key>
				<string>src</string>
				<key>sourceTree</key>
				<string>&lt;group&gt;</string>
			</dict>
			<key>5B3BFE89BB3B98E8FC2F783F</key>
			<dict>
				<key>children</key>
				<array>
					<string>2593B7743D30DF6DEB591433</string>
				</array>
				<key>isa</key>
				<string>PBXGroup</string>
				<key>name</key>
				<string>ofxBeat</string>
				<key>sourceTree</key>
				<string>&lt;group&gt;</string>
			</dict>
			<key>5AF93EBBE247C19D85B7CB12</key>
			<dict>
				<key>fileRef</key>
				<string>0611BC48B8E52F90200AD32C</string>
				<key>isa</key>
				<string>PBXBuildFile</string>
			</dict>
			<key>0611BC48B8E52F90200AD32C</key>
			<dict>
				<key>explicitFileType</key>
				<string>sourcecode.cpp.cpp</string>
				<key>fileEncoding</key>
				<string>4</string>
				<key>isa</key>
				<string>PBXFileReference</string>
				<key>name</key>
				<string>fft.cpp</string>
				<key>path</key>
				<string>../projectGenerator/addons/ofxBeat/src/fft.cpp</string>
				<key>sourceTree</key>
				<string>SOURCE_ROOT</string>
			</dict>
			<key>EEBDA9FDB76B87B20C60301B</key>
			<dict>
				<key>explicitFileType</key>
				<string>sourcecode.c.h</string>
				<key>fileEncoding</key>
				<string>4</string>
				<key>isa</key>
				<string>PBXFileReference</string>
				<key>name</key>
				<string>midParticle.h</string>
				<key>path</key>
				<string>src/midParticle.h</string>
				<key>sourceTree</key>
				<string>SOURCE_ROOT</string>
			</dict>
			<key>41693B374674632494B9DF75</key>
			<dict>
				<key>fileRef</key>
				<string>F3FC2745CBF78D5CFDAE6EEC</string>
				<key>isa</key>
				<string>PBXBuildFile</string>
			</dict>
			<key>F3FC2745CBF78D5CFDAE6EEC</key>
			<dict>
				<key>explicitFileType</key>
				<string>sourcecode.cpp.cpp</string>
				<key>fileEncoding</key>
				<string>4</string>
				<key>isa</key>
				<string>PBXFileReference</string>
				<key>name</key>
				<string>midParticle.cpp</string>
				<key>path</key>
				<string>src/midParticle.cpp</string>
				<key>sourceTree</key>
				<string>SOURCE_ROOT</string>
			</dict>
			<key>20973A4CC713FF2E36A6A8F9</key>
			<dict>
				<key>explicitFileType</key>
				<string>sourcecode.c.h</string>
				<key>fileEncoding</key>
				<string>4</string>
				<key>isa</key>
				<string>PBXFileReference</string>
				<key>name</key>
				<string>highParticle.h</string>
				<key>path</key>
				<string>src/highParticle.h</string>
				<key>sourceTree</key>
				<string>SOURCE_ROOT</string>
			</dict>
			<key>691856BDA3301F5C6AB10A03</key>
			<dict>
				<key>fileRef</key>
				<string>D6853605667EE835436F684A</string>
				<key>isa</key>
				<string>PBXBuildFile</string>
			</dict>
			<key>D6853605667EE835436F684A</key>
			<dict>
				<key>explicitFileType</key>
				<string>sourcecode.cpp.cpp</string>
				<key>fileEncoding</key>
				<string>4</string>
				<key>isa</key>
				<string>PBXFileReference</string>
				<key>name</key>
				<string>highParticle.cpp</string>
				<key>path</key>
				<string>src/highParticle.cpp</string>
				<key>sourceTree</key>
				<string>SOURCE_ROOT</string>
			</dict>
			<key>295A05E9CBEE7E9C5EDA5AFB</key>
			<dict>
				<key>explicitFileType</key>
				<string>sourcecode.c.h</string>
				<key>fileEncoding</key>
				<string>4</string>
				<key>isa</key>
				<string>PBXFileReference</string>
				<key>name</key>
				<string>FFT.h</string>
				<key>path</key>
				<string>src/FFT.h</string>
				<key>sourceTree</key>
				<string>SOURCE_ROOT</string>
			</dict>
			<key>144DCB1F4F09DCD8CF2082EF</key>
			<dict>
				<key>fileRef</key>
				<string>6F93F9B81E6E3A3F83830AB6</string>
				<key>isa</key>
				<string>PBXBuildFile</string>
			</dict>
			<key>6F93F9B81E6E3A3F83830AB6</key>
			<dict>
				<key>explicitFileType</key>
				<string>sourcecode.cpp.cpp</string>
				<key>fileEncoding</key>
				<string>4</string>
				<key>isa</key>
				<string>PBXFileReference</string>
				<key>name</key>
				<string>FFT.cpp</string>
				<key>path</key>
				<string>src/FFT.cpp</string>
				<key>sourceTree</key>
				<string>SOURCE_ROOT</string>
			</dict>
			<key>11FF9721A7B32E746E2B8570</key>
			<dict>
				<key>explicitFileType</key>
				<string>sourcecode.c.h</string>
				<key>fileEncoding</key>
				<string>4</string>
				<key>isa</key>
				<string>PBXFileReference</string>
				<key>name</key>
				<string>drawMid.h</string>
				<key>path</key>
				<string>src/drawMid.h</string>
				<key>sourceTree</key>
				<string>SOURCE_ROOT</string>
			</dict>
			<key>8C677C480EEB2AEBE971F560</key>
			<dict>
				<key>fileRef</key>
				<string>B527F5D8D28E85B0A57ACBAB</string>
				<key>isa</key>
				<string>PBXBuildFile</string>
			</dict>
			<key>B527F5D8D28E85B0A57ACBAB</key>
			<dict>
				<key>explicitFileType</key>
				<string>sourcecode.cpp.cpp</string>
				<key>fileEncoding</key>
				<string>4</string>
				<key>isa</key>
				<string>PBXFileReference</string>
				<key>name</key>
				<string>drawMid.cpp</string>
				<key>path</key>
				<string>src/drawMid.cpp</string>
				<key>sourceTree</key>
				<string>SOURCE_ROOT</string>
			</dict>
			<key>EE5556BF85B0562D311811A5</key>
			<dict>
				<key>explicitFileType</key>
				<string>sourcecode.c.h</string>
				<key>fileEncoding</key>
				<string>4</string>
				<key>isa</key>
				<string>PBXFileReference</string>
				<key>name</key>
				<string>drawHigh.h</string>
				<key>path</key>
				<string>src/drawHigh.h</string>
				<key>sourceTree</key>
				<string>SOURCE_ROOT</string>
			</dict>
			<key>FD6608C63C771E9622999D62</key>
			<dict>
				<key>fileRef</key>
				<string>F493A6DF8B56139976D478A1</string>
				<key>isa</key>
				<string>PBXBuildFile</string>
			</dict>
			<key>F493A6DF8B56139976D478A1</key>
			<dict>
				<key>explicitFileType</key>
				<string>sourcecode.cpp.cpp</string>
				<key>fileEncoding</key>
				<string>4</string>
				<key>isa</key>
				<string>PBXFileReference</string>
				<key>name</key>
				<string>drawHigh.cpp</string>
				<key>path</key>
				<string>src/drawHigh.cpp</string>
				<key>sourceTree</key>
				<string>SOURCE_ROOT</string>
			</dict>
			<key>F37BFEFF275BDEC29B4E5E0C</key>
			<dict>
				<key>explicitFileType</key>
				<string>sourcecode.c.h</string>
				<key>fileEncoding</key>
				<string>4</string>
				<key>isa</key>
				<string>PBXFileReference</string>
				<key>name</key>
				<string>drawBass.h</string>
				<key>path</key>
				<string>src/drawBass.h</string>
				<key>sourceTree</key>
				<string>SOURCE_ROOT</string>
			</dict>
			<key>6DC4F473AD4753EA6F819BE6</key>
			<dict>
				<key>fileRef</key>
				<string>986D95DEB675E1DDD88B24F6</string>
				<key>isa</key>
				<string>PBXBuildFile</string>
			</dict>
			<key>986D95DEB675E1DDD88B24F6</key>
			<dict>
				<key>explicitFileType</key>
				<string>sourcecode.cpp.cpp</string>
				<key>fileEncoding</key>
				<string>4</string>
				<key>isa</key>
				<string>PBXFileReference</string>
				<key>name</key>
				<string>drawBass.cpp</string>
				<key>path</key>
				<string>src/drawBass.cpp</string>
				<key>sourceTree</key>
				<string>SOURCE_ROOT</string>
			</dict>
			<key>120E2EF07C9726F4D14E6B07</key>
			<dict>
				<key>explicitFileType</key>
				<string>sourcecode.c.h</string>
				<key>fileEncoding</key>
				<string>4</string>
				<key>isa</key>
				<string>PBXFileReference</string>
				<key>name</key>
				<string>bassParticle.h</string>
				<key>path</key>
				<string>src/bassParticle.h</string>
				<key>sourceTree</key>
				<string>SOURCE_ROOT</string>
			</dict>
			<key>5EEE3B569460EFFD46543C36</key>
			<dict>
				<key>fileRef</key>
				<string>776C5746D0DBC9DFC1E5B043</string>
				<key>isa</key>
				<string>PBXBuildFile</string>
			</dict>
			<key>776C5746D0DBC9DFC1E5B043</key>
			<dict>
				<key>explicitFileType</key>
				<string>sourcecode.cpp.cpp</string>
				<key>fileEncoding</key>
				<string>4</string>
				<key>isa</key>
				<string>PBXFileReference</string>
				<key>name</key>
				<string>bassParticle.cpp</string>
				<key>path</key>
				<string>src/bassParticle.cpp</string>
				<key>sourceTree</key>
				<string>SOURCE_ROOT</string>
			</dict>
			<key>6948EE371B920CB800B5AC1A</key>
			<dict>
				<key>children</key>
				<array />
				<key>isa</key>
				<string>PBXGroup</string>
				<key>name</key>
				<string>local_addons</string>
				<key>sourceTree</key>
				<string>&lt;group&gt;</string>
			</dict>
			<key>8466F1851C04CA0E00918B1C</key>
			<dict>
				<key>buildActionMask</key>
				<string>12</string>
				<key>files</key>
				<array />
				<key>inputPaths</key>
				<array />
				<key>isa</key>
				<string>PBXShellScriptBuildPhase</string>
				<key>outputPaths</key>
				<array />
				<key>runOnlyForDeploymentPostprocessing</key>
				<string>0</string>
				<key>shellPath</key>
				<string>/bin/sh</string>
				<key>shellScript</key>
				<string>echo "$GCC_PREPROCESSOR_DEFINITIONS";
APPSTORE=`expr "$GCC_PREPROCESSOR_DEFINITIONS" : ".*APPSTORE=\([0-9]*\)"`
if [ -z "$APPSTORE" ] ; then
echo "Note: Not copying bin/data to App Package or doing App Code signing. Use AppStore target for AppStore distribution";
else
# Copy bin/data into App/Resources
rsync -avz --exclude='.DS_Store' "${SRCROOT}/bin/data/" "${TARGET_BUILD_DIR}/${UNLOCALIZED_RESOURCES_FOLDER_PATH}/data/"

# ---- Code Sign App Package ----

# WARNING: You may have to run Clean in Xcode after changing CODE_SIGN_IDENTITY!

# Verify that $CODE_SIGN_IDENTITY is set
if [ -z "${CODE_SIGN_IDENTITY}" ] ; then
echo "CODE_SIGN_IDENTITY needs to be set for framework code-signing"
exit 0
fi

if [ -z "${CODE_SIGN_ENTITLEMENTS}" ] ; then
echo "CODE_SIGN_ENTITLEMENTS needs to be set for framework code-signing!"

if [ "${CONFIGURATION}" = "Release" ] ; then
exit 1
else
# Code-signing is optional for non-release builds.
exit 0
fi
fi

ITEMS=""

FRAMEWORKS_DIR="${TARGET_BUILD_DIR}/${FRAMEWORKS_FOLDER_PATH}"
echo "$FRAMEWORKS_DIR"
if [ -d "$FRAMEWORKS_DIR" ] ; then
FRAMEWORKS=$(find "${FRAMEWORKS_DIR}" -depth -type d -name "*.framework" -or -name "*.dylib" -or -name "*.bundle" | sed -e "s/\(.*framework\)/\1\/Versions\/A\//")
RESULT=$?
if [[ $RESULT != 0 ]] ; then
exit 1
fi

ITEMS="${FRAMEWORKS}"
fi

LOGINITEMS_DIR="${TARGET_BUILD_DIR}/${CONTENTS_FOLDER_PATH}/Library/LoginItems/"
if [ -d "$LOGINITEMS_DIR" ] ; then
LOGINITEMS=$(find "${LOGINITEMS_DIR}" -depth -type d -name "*.app")
RESULT=$?
if [[ $RESULT != 0 ]] ; then
exit 1
fi

ITEMS="${ITEMS}"$'\n'"${LOGINITEMS}"
fi

# Prefer the expanded name, if available.
CODE_SIGN_IDENTITY_FOR_ITEMS="${EXPANDED_CODE_SIGN_IDENTITY_NAME}"
if [ "${CODE_SIGN_IDENTITY_FOR_ITEMS}" = "" ] ; then
# Fall back to old behavior.
CODE_SIGN_IDENTITY_FOR_ITEMS="${CODE_SIGN_IDENTITY}"
fi

echo "Identity:"
echo "${CODE_SIGN_IDENTITY_FOR_ITEMS}"

echo "Entitlements:"
echo "${CODE_SIGN_ENTITLEMENTS}"

echo "Found:"
echo "${ITEMS}"

# Change the Internal Field Separator (IFS) so that spaces in paths will not cause problems below.
SAVED_IFS=$IFS
IFS=$(echo -en "\n\b")

# Loop through all items.
for ITEM in $ITEMS;
do
echo "Signing '${ITEM}'"
codesign --force --verbose --sign "${CODE_SIGN_IDENTITY_FOR_ITEMS}" --entitlements "${CODE_SIGN_ENTITLEMENTS}" "${ITEM}"
RESULT=$?
if [[ $RESULT != 0 ]] ; then
echo "Failed to sign '${ITEM}'."
IFS=$SAVED_IFS
exit 1
fi
done

# Restore $IFS.
IFS=$SAVED_IFS

fi
</string>
			</dict>
			<key>99FA3DBB1C7456C400CFA0EE</key>
			<dict>
				<key>baseConfigurationReference</key>
				<string>E4EB6923138AFD0F00A09F29</string>
				<key>buildSettings</key>
				<dict>
					<key>HEADER_SEARCH_PATHS</key>
					<array>
						<string>$(OF_CORE_HEADERS)</string>
						<string>src</string>
						<string>../projectGenerator/addons/ofxBeat/src</string>
						<string>../projectGenerator/addons/ofxFX/src</string>
						<string>../projectGenerator/addons/ofxFX/src/composers</string>
						<string>../projectGenerator/addons/ofxFX/src/filters</string>
						<string>../projectGenerator/addons/ofxFX/src/generative</string>
						<string>../projectGenerator/addons/ofxFX/src/operations</string>
						<string>../projectGenerator/addons/ofxFft/libs</string>
						<string>../projectGenerator/addons/ofxFft/libs/fftw</string>
						<string>../projectGenerator/addons/ofxFft/libs/fftw/include</string>
						<string>../projectGenerator/addons/ofxFft/libs/fftw/lib</string>
						<string>../projectGenerator/addons/ofxFft/libs/kiss</string>
						<string>../projectGenerator/addons/ofxFft/src</string>
						<string>../projectGenerator/addons/ofxFluid/src</string>
					</array>
					<key>CONFIGURATION_BUILD_DIR</key>
					<string>$(SRCROOT)/bin/</string>
					<key>COPY_PHASE_STRIP</key>
					<string>YES</string>
					<key>DEAD_CODE_STRIPPING</key>
					<string>YES</string>
					<key>GCC_AUTO_VECTORIZATION</key>
					<string>YES</string>
					<key>GCC_ENABLE_SSE3_EXTENSIONS</key>
					<string>YES</string>
					<key>GCC_ENABLE_SUPPLEMENTAL_SSE3_INSTRUCTIONS</key>
					<string>YES</string>
					<key>GCC_INLINES_ARE_PRIVATE_EXTERN</key>
					<string>NO</string>
					<key>GCC_OPTIMIZATION_LEVEL</key>
					<string>3</string>
					<key>GCC_PREPROCESSOR_DEFINITIONS[arch=*]</key>
					<string>DISTRIBUTION=1</string>
					<key>GCC_SYMBOLS_PRIVATE_EXTERN</key>
					<string>NO</string>
					<key>GCC_UNROLL_LOOPS</key>
					<string>YES</string>
					<key>GCC_WARN_ABOUT_DEPRECATED_FUNCTIONS</key>
					<string>YES</string>
					<key>GCC_WARN_ABOUT_INVALID_OFFSETOF_MACRO</key>
					<string>NO</string>
					<key>GCC_WARN_ALLOW_INCOMPLETE_PROTOCOL</key>
					<string>NO</string>
					<key>GCC_WARN_UNINITIALIZED_AUTOS</key>
					<string>NO</string>
					<key>GCC_WARN_UNUSED_VALUE</key>
					<string>NO</string>
					<key>GCC_WARN_UNUSED_VARIABLE</key>
					<string>NO</string>
					<key>MACOSX_DEPLOYMENT_TARGET</key>
					<string>10.9</string>
					<key>OTHER_CPLUSPLUSFLAGS</key>
					<array>
						<string>-D__MACOSX_CORE__</string>
						<string>-mtune=native</string>
					</array>
					<key>SDKROOT</key>
					<string>macosx</string>
				</dict>
				<key>isa</key>
				<string>XCBuildConfiguration</string>
				<key>name</key>
				<string>AppStore</string>
			</dict>
			<key>99FA3DBC1C7456C400CFA0EE</key>
			<dict>
				<key>baseConfigurationReference</key>
				<string>E4EB6923138AFD0F00A09F29</string>
				<key>buildSettings</key>
				<dict>
					<key>HEADER_SEARCH_PATHS</key>
					<array>
						<string>$(OF_CORE_HEADERS)</string>
						<string>src</string>
						<string>../projectGenerator/addons/ofxBeat/src</string>
						<string>../projectGenerator/addons/ofxFX/src</string>
						<string>../projectGenerator/addons/ofxFX/src/composers</string>
						<string>../projectGenerator/addons/ofxFX/src/filters</string>
						<string>../projectGenerator/addons/ofxFX/src/generative</string>
						<string>../projectGenerator/addons/ofxFX/src/operations</string>
						<string>../projectGenerator/addons/ofxFft/libs</string>
						<string>../projectGenerator/addons/ofxFft/libs/fftw</string>
						<string>../projectGenerator/addons/ofxFft/libs/fftw/include</string>
						<string>../projectGenerator/addons/ofxFft/libs/fftw/lib</string>
						<string>../projectGenerator/addons/ofxFft/libs/kiss</string>
						<string>../projectGenerator/addons/ofxFft/src</string>
						<string>../projectGenerator/addons/ofxFluid/src</string>
					</array>
					<key>COMBINE_HIDPI_IMAGES</key>
					<string>YES</string>
					<key>COPY_PHASE_STRIP</key>
					<string>YES</string>
					<key>FRAMEWORK_SEARCH_PATHS</key>
					<string>$(inherited)</string>
					<key>GCC_GENERATE_DEBUGGING_SYMBOLS</key>
					<string>YES</string>
					<key>GCC_MODEL_TUNING</key>
					<string>NONE</string>
					<key>GCC_PREPROCESSOR_DEFINITIONS[arch=*]</key>
					<string>APPSTORE=1</string>
					<key>ICON</key>
					<string>$(ICON_NAME_RELEASE)</string>
					<key>ICON_FILE</key>
					<string>$(ICON_FILE_PATH)$(ICON)</string>
					<key>INFOPLIST_FILE</key>
					<string>openFrameworks-Info.plist</string>
					<key>INSTALL_PATH</key>
					<string>/Applications</string>
					<key>LIBRARY_SEARCH_PATHS</key>
					<string>$(inherited)</string>
					<key>PRODUCT_NAME</key>
					<string>$(TARGET_NAME)</string>
					<key>WRAPPER_EXTENSION</key>
					<string>app</string>
					<key>baseConfigurationReference</key>
					<string>E4EB6923138AFD0F00A09F29</string>
				</dict>
				<key>isa</key>
				<string>XCBuildConfiguration</string>
				<key>name</key>
				<string>AppStore</string>
			</dict>
			<key>BB4B014C10F69532006C3DED</key>
			<dict>
				<key>children</key>
				<array>
					<string>5B3BFE89BB3B98E8FC2F783F</string>
					<string>CABF1A23B637491112B10A00</string>
					<string>BBC2B4228932C2AACC6701CF</string>
					<string>AC589A74CE1B327ED3EED72A</string>
				</array>
				<key>isa</key>
				<string>PBXGroup</string>
				<key>name</key>
				<string>addons</string>
				<key>sourceTree</key>
				<string>&lt;group&gt;</string>
			</dict>
			<key>E4328143138ABC890047C5CB</key>
			<dict>
				<key>isa</key>
				<string>PBXFileReference</string>
				<key>lastKnownFileType</key>
				<string>wrapper.pb-project</string>
				<key>name</key>
				<string>openFrameworksLib.xcodeproj</string>
				<key>path</key>
				<string>../projectGenerator/libs/openFrameworksCompiled/project/osx/openFrameworksLib.xcodeproj</string>
				<key>sourceTree</key>
				<string>SOURCE_ROOT</string>
			</dict>
			<key>E4328144138ABC890047C5CB</key>
			<dict>
				<key>children</key>
				<array>
					<string>E4328148138ABC890047C5CB</string>
				</array>
				<key>isa</key>
				<string>PBXGroup</string>
				<key>name</key>
				<string>Products</string>
				<key>sourceTree</key>
				<string>&lt;group&gt;</string>
			</dict>
			<key>E4328147138ABC890047C5CB</key>
			<dict>
				<key>containerPortal</key>
				<string>E4328143138ABC890047C5CB</string>
				<key>isa</key>
				<string>PBXContainerItemProxy</string>
				<key>proxyType</key>
				<string>2</string>
				<key>remoteGlobalIDString</key>
				<string>E4B27C1510CBEB8E00536013</string>
				<key>remoteInfo</key>
				<string>openFrameworks</string>
			</dict>
			<key>E4328148138ABC890047C5CB</key>
			<dict>
				<key>fileType</key>
				<string>archive.ar</string>
				<key>isa</key>
				<string>PBXReferenceProxy</string>
				<key>path</key>
				<string>openFrameworksDebug.a</string>
				<key>remoteRef</key>
				<string>E4328147138ABC890047C5CB</string>
				<key>sourceTree</key>
				<string>BUILT_PRODUCTS_DIR</string>
			</dict>
			<key>E4328149138ABC9F0047C5CB</key>
			<dict>
				<key>fileRef</key>
				<string>E4328148138ABC890047C5CB</string>
				<key>isa</key>
				<string>PBXBuildFile</string>
			</dict>
			<key>E4B69B4A0A3A1720003C02F2</key>
			<dict>
				<key>children</key>
				<array>
					<string>E4B6FCAD0C3E899E008CF71C</string>
					<string>E4EB6923138AFD0F00A09F29</string>
					<string>E4B69E1C0A3A1BDC003C02F2</string>
					<string>E4EEC9E9138DF44700A80321</string>
					<string>BB4B014C10F69532006C3DED</string>
					<string>6948EE371B920CB800B5AC1A</string>
					<string>E4B69B5B0A3A1756003C02F2</string>
				</array>
				<key>isa</key>
				<string>PBXGroup</string>
				<key>sourceTree</key>
				<string>&lt;group&gt;</string>
			</dict>
			<key>E4B69B4C0A3A1720003C02F2</key>
			<dict>
				<key>attributes</key>
				<dict>
					<key>LastUpgradeCheck</key>
					<string>0600</string>
				</dict>
				<key>buildConfigurationList</key>
				<string>E4B69B4D0A3A1720003C02F2</string>
				<key>compatibilityVersion</key>
				<string>Xcode 3.2</string>
				<key>developmentRegion</key>
				<string>English</string>
				<key>hasScannedForEncodings</key>
				<string>0</string>
				<key>isa</key>
				<string>PBXProject</string>
				<key>knownRegions</key>
				<array>
					<string>English</string>
					<string>Japanese</string>
					<string>French</string>
					<string>German</string>
				</array>
				<key>mainGroup</key>
				<string>E4B69B4A0A3A1720003C02F2</string>
				<key>productRefGroup</key>
				<string>E4B69B4A0A3A1720003C02F2</string>
				<key>projectDirPath</key>
				<string />
				<key>projectReferences</key>
				<array>
					<dict>
						<key>ProductGroup</key>
						<string>E4328144138ABC890047C5CB</string>
						<key>ProjectRef</key>
						<string>E4328143138ABC890047C5CB</string>
					</dict>
				</array>
				<key>projectRoot</key>
				<string />
				<key>targets</key>
				<array>
					<string>E4B69B5A0A3A1756003C02F2</string>
				</array>
			</dict>
			<key>E4B69B4D0A3A1720003C02F2</key>
			<dict>
				<key>buildConfigurations</key>
				<array>
					<string>E4B69B4E0A3A1720003C02F2</string>
					<string>E4B69B4F0A3A1720003C02F2</string>
					<string>99FA3DBB1C7456C400CFA0EE</string>
				</array>
				<key>defaultConfigurationIsVisible</key>
				<string>0</string>
				<key>defaultConfigurationName</key>
				<string>Release</string>
				<key>isa</key>
				<string>XCConfigurationList</string>
			</dict>
			<key>E4B69B4E0A3A1720003C02F2</key>
			<dict>
				<key>baseConfigurationReference</key>
				<string>E4EB6923138AFD0F00A09F29</string>
				<key>buildSettings</key>
				<dict>
					<key>HEADER_SEARCH_PATHS</key>
					<array>
						<string>$(OF_CORE_HEADERS)</string>
						<string>src</string>
						<string>../projectGenerator/addons/ofxBeat/src</string>
						<string>../projectGenerator/addons/ofxFX/src</string>
						<string>../projectGenerator/addons/ofxFX/src/composers</string>
						<string>../projectGenerator/addons/ofxFX/src/filters</string>
						<string>../projectGenerator/addons/ofxFX/src/generative</string>
						<string>../projectGenerator/addons/ofxFX/src/operations</string>
						<string>../projectGenerator/addons/ofxFft/libs</string>
						<string>../projectGenerator/addons/ofxFft/libs/fftw</string>
						<string>../projectGenerator/addons/ofxFft/libs/fftw/include</string>
						<string>../projectGenerator/addons/ofxFft/libs/fftw/lib</string>
						<string>../projectGenerator/addons/ofxFft/libs/kiss</string>
						<string>../projectGenerator/addons/ofxFft/src</string>
						<string>../projectGenerator/addons/ofxFluid/src</string>
					</array>
					<key>CONFIGURATION_BUILD_DIR</key>
					<string>$(SRCROOT)/bin/</string>
					<key>COPY_PHASE_STRIP</key>
					<string>NO</string>
					<key>DEAD_CODE_STRIPPING</key>
					<string>YES</string>
					<key>GCC_AUTO_VECTORIZATION</key>
					<string>YES</string>
					<key>GCC_ENABLE_SSE3_EXTENSIONS</key>
					<string>YES</string>
					<key>GCC_ENABLE_SUPPLEMENTAL_SSE3_INSTRUCTIONS</key>
					<string>YES</string>
					<key>GCC_INLINES_ARE_PRIVATE_EXTERN</key>
					<string>NO</string>
					<key>GCC_OPTIMIZATION_LEVEL</key>
					<string>0</string>
					<key>GCC_SYMBOLS_PRIVATE_EXTERN</key>
					<string>NO</string>
					<key>GCC_WARN_ABOUT_DEPRECATED_FUNCTIONS</key>
					<string>YES</string>
					<key>GCC_WARN_ABOUT_INVALID_OFFSETOF_MACRO</key>
					<string>NO</string>
					<key>GCC_WARN_ALLOW_INCOMPLETE_PROTOCOL</key>
					<string>NO</string>
					<key>GCC_WARN_UNINITIALIZED_AUTOS</key>
					<string>NO</string>
					<key>GCC_WARN_UNUSED_VALUE</key>
					<string>NO</string>
					<key>GCC_WARN_UNUSED_VARIABLE</key>
					<string>NO</string>
					<key>MACOSX_DEPLOYMENT_TARGET</key>
					<string>10.9</string>
					<key>ONLY_ACTIVE_ARCH</key>
					<string>YES</string>
					<key>OTHER_CPLUSPLUSFLAGS</key>
					<array>
						<string>-D__MACOSX_CORE__</string>
						<string>-mtune=native</string>
					</array>
					<key>SDKROOT</key>
					<string>macosx</string>
				</dict>
				<key>isa</key>
				<string>XCBuildConfiguration</string>
				<key>name</key>
				<string>Debug</string>
			</dict>
			<key>E4B69B4F0A3A1720003C02F2</key>
			<dict>
				<key>baseConfigurationReference</key>
				<string>E4EB6923138AFD0F00A09F29</string>
				<key>buildSettings</key>
				<dict>
					<key>HEADER_SEARCH_PATHS</key>
					<array>
						<string>$(OF_CORE_HEADERS)</string>
						<string>src</string>
						<string>../projectGenerator/addons/ofxBeat/src</string>
						<string>../projectGenerator/addons/ofxFX/src</string>
						<string>../projectGenerator/addons/ofxFX/src/composers</string>
						<string>../projectGenerator/addons/ofxFX/src/filters</string>
						<string>../projectGenerator/addons/ofxFX/src/generative</string>
						<string>../projectGenerator/addons/ofxFX/src/operations</string>
						<string>../projectGenerator/addons/ofxFft/libs</string>
						<string>../projectGenerator/addons/ofxFft/libs/fftw</string>
						<string>../projectGenerator/addons/ofxFft/libs/fftw/include</string>
						<string>../projectGenerator/addons/ofxFft/libs/fftw/lib</string>
						<string>../projectGenerator/addons/ofxFft/libs/kiss</string>
						<string>../projectGenerator/addons/ofxFft/src</string>
						<string>../projectGenerator/addons/ofxFluid/src</string>
					</array>
					<key>CONFIGURATION_BUILD_DIR</key>
					<string>$(SRCROOT)/bin/</string>
					<key>COPY_PHASE_STRIP</key>
					<string>YES</string>
					<key>DEAD_CODE_STRIPPING</key>
					<string>YES</string>
					<key>GCC_AUTO_VECTORIZATION</key>
					<string>YES</string>
					<key>GCC_ENABLE_SSE3_EXTENSIONS</key>
					<string>YES</string>
					<key>GCC_ENABLE_SUPPLEMENTAL_SSE3_INSTRUCTIONS</key>
					<string>YES</string>
					<key>GCC_INLINES_ARE_PRIVATE_EXTERN</key>
					<string>NO</string>
					<key>GCC_OPTIMIZATION_LEVEL</key>
					<string>3</string>
					<key>GCC_SYMBOLS_PRIVATE_EXTERN</key>
					<string>NO</string>
					<key>GCC_UNROLL_LOOPS</key>
					<string>YES</string>
					<key>GCC_WARN_ABOUT_DEPRECATED_FUNCTIONS</key>
					<string>YES</string>
					<key>GCC_WARN_ABOUT_INVALID_OFFSETOF_MACRO</key>
					<string>NO</string>
					<key>GCC_WARN_ALLOW_INCOMPLETE_PROTOCOL</key>
					<string>NO</string>
					<key>GCC_WARN_UNINITIALIZED_AUTOS</key>
					<string>NO</string>
					<key>GCC_WARN_UNUSED_VALUE</key>
					<string>NO</string>
					<key>GCC_WARN_UNUSED_VARIABLE</key>
					<string>NO</string>
					<key>MACOSX_DEPLOYMENT_TARGET</key>
					<string>10.9</string>
					<key>OTHER_CPLUSPLUSFLAGS</key>
					<array>
						<string>-D__MACOSX_CORE__</string>
						<string>-mtune=native</string>
					</array>
					<key>SDKROOT</key>
					<string>macosx</string>
				</dict>
				<key>isa</key>
				<string>XCBuildConfiguration</string>
				<key>name</key>
				<string>Release</string>
			</dict>
			<key>E4B69B580A3A1756003C02F2</key>
			<dict>
				<key>buildActionMask</key>
				<string>2147483647</string>
				<key>files</key>
				<array>
					<string>E4B69E200A3A1BDC003C02F2</string>
					<string>E4B69E210A3A1BDC003C02F2</string>
					<string>5EEE3B569460EFFD46543C36</string>
					<string>6DC4F473AD4753EA6F819BE6</string>
					<string>FD6608C63C771E9622999D62</string>
					<string>8C677C480EEB2AEBE971F560</string>
					<string>144DCB1F4F09DCD8CF2082EF</string>
					<string>691856BDA3301F5C6AB10A03</string>
					<string>41693B374674632494B9DF75</string>
					<string>5AF93EBBE247C19D85B7CB12</string>
					<string>555F4A50925E3AAA9E665414</string>
					<string>55A9BC8A851588DABBAC729A</string>
					<string>BAFD212FADDB724BAAF36E17</string>
					<string>DBF436FA47A6256BE8839A23</string>
					<string>29B4C4035B6570356B05AEEC</string>
					<string>01FB873059D07DBD4C56B7C0</string>
					<string>E19BF0E3D66ACE4FE94122B9</string>
					<string>05435FC28FBC5FE77202EC60</string>
					<string>D36DB7AD51CED10DFFBAF1A6</string>
					<string>687DB5B854C629E6AEC3BED9</string>
				</array>
				<key>isa</key>
				<string>PBXSourcesBuildPhase</string>
				<key>runOnlyForDeploymentPostprocessing</key>
				<string>0</string>
			</dict>
			<key>E4B69B590A3A1756003C02F2</key>
			<dict>
				<key>buildActionMask</key>
				<string>2147483647</string>
				<key>files</key>
				<array>
					<string>E4328149138ABC9F0047C5CB</string>
				</array>
				<key>isa</key>
				<string>PBXFrameworksBuildPhase</string>
				<key>runOnlyForDeploymentPostprocessing</key>
				<string>0</string>
			</dict>
			<key>E4B69B5A0A3A1756003C02F2</key>
			<dict>
				<key>buildConfigurationList</key>
				<string>E4B69B5F0A3A1757003C02F2</string>
				<key>buildPhases</key>
				<array>
					<string>E4B69B580A3A1756003C02F2</string>
					<string>E4B69B590A3A1756003C02F2</string>
					<string>E4B6FFFD0C3F9AB9008CF71C</string>
					<string>E4C2427710CC5ABF004149E2</string>
					<string>8466F1851C04CA0E00918B1C</string>
				</array>
				<key>buildRules</key>
				<array />
				<key>dependencies</key>
				<array>
					<string>E4EEB9AC138B136A00A80321</string>
				</array>
				<key>isa</key>
				<string>PBXNativeTarget</string>
				<key>name</key>
				<string>visualTest</string>
				<key>productName</key>
				<string>myOFApp</string>
				<key>productReference</key>
				<string>E4B69B5B0A3A1756003C02F2</string>
				<key>productType</key>
				<string>com.apple.product-type.application</string>
			</dict>
			<key>E4B69B5B0A3A1756003C02F2</key>
			<dict>
				<key>explicitFileType</key>
				<string>wrapper.application</string>
				<key>includeInIndex</key>
				<string>0</string>
				<key>isa</key>
				<string>PBXFileReference</string>
				<key>path</key>
				<string>visualTestDebug.app</string>
				<key>sourceTree</key>
				<string>BUILT_PRODUCTS_DIR</string>
			</dict>
			<key>E4B69B5F0A3A1757003C02F2</key>
			<dict>
				<key>buildConfigurations</key>
				<array>
					<string>E4B69B600A3A1757003C02F2</string>
					<string>E4B69B610A3A1757003C02F2</string>
					<string>99FA3DBC1C7456C400CFA0EE</string>
				</array>
				<key>defaultConfigurationIsVisible</key>
				<string>0</string>
				<key>defaultConfigurationName</key>
				<string>Release</string>
				<key>isa</key>
				<string>XCConfigurationList</string>
			</dict>
			<key>E4B69B600A3A1757003C02F2</key>
			<dict>
				<key>baseConfigurationReference</key>
				<string>E4EB6923138AFD0F00A09F29</string>
				<key>buildSettings</key>
				<dict>
					<key>HEADER_SEARCH_PATHS</key>
					<array>
						<string>$(OF_CORE_HEADERS)</string>
						<string>src</string>
						<string>../projectGenerator/addons/ofxBeat/src</string>
						<string>../projectGenerator/addons/ofxFX/src</string>
						<string>../projectGenerator/addons/ofxFX/src/composers</string>
						<string>../projectGenerator/addons/ofxFX/src/filters</string>
						<string>../projectGenerator/addons/ofxFX/src/generative</string>
						<string>../projectGenerator/addons/ofxFX/src/operations</string>
						<string>../projectGenerator/addons/ofxFft/libs</string>
						<string>../projectGenerator/addons/ofxFft/libs/fftw</string>
						<string>../projectGenerator/addons/ofxFft/libs/fftw/include</string>
						<string>../projectGenerator/addons/ofxFft/libs/fftw/lib</string>
						<string>../projectGenerator/addons/ofxFft/libs/kiss</string>
						<string>../projectGenerator/addons/ofxFft/src</string>
						<string>../projectGenerator/addons/ofxFluid/src</string>
					</array>
					<key>COMBINE_HIDPI_IMAGES</key>
					<string>YES</string>
					<key>COPY_PHASE_STRIP</key>
					<string>NO</string>
					<key>FRAMEWORK_SEARCH_PATHS</key>
					<string>$(inherited)</string>
					<key>GCC_DYNAMIC_NO_PIC</key>
					<string>NO</string>
					<key>GCC_GENERATE_DEBUGGING_SYMBOLS</key>
					<string>YES</string>
					<key>GCC_MODEL_TUNING</key>
					<string>NONE</string>
					<key>ICON</key>
					<string>$(ICON_NAME_DEBUG)</string>
					<key>ICON_FILE</key>
					<string>$(ICON_FILE_PATH)$(ICON)</string>
					<key>INFOPLIST_FILE</key>
					<string>openFrameworks-Info.plist</string>
					<key>INSTALL_PATH</key>
					<string>/Applications</string>
					<key>LIBRARY_SEARCH_PATHS</key>
					<string>$(inherited)</string>
					<key>PRODUCT_NAME</key>
					<string>$(TARGET_NAME)Debug</string>
					<key>WRAPPER_EXTENSION</key>
					<string>app</string>
				</dict>
				<key>isa</key>
				<string>XCBuildConfiguration</string>
				<key>name</key>
				<string>Debug</string>
			</dict>
			<key>E4B69B610A3A1757003C02F2</key>
			<dict>
				<key>baseConfigurationReference</key>
				<string>E4EB6923138AFD0F00A09F29</string>
				<key>buildSettings</key>
				<dict>
					<key>HEADER_SEARCH_PATHS</key>
					<array>
						<string>$(OF_CORE_HEADERS)</string>
						<string>src</string>
						<string>../projectGenerator/addons/ofxBeat/src</string>
						<string>../projectGenerator/addons/ofxFX/src</string>
						<string>../projectGenerator/addons/ofxFX/src/composers</string>
						<string>../projectGenerator/addons/ofxFX/src/filters</string>
						<string>../projectGenerator/addons/ofxFX/src/generative</string>
						<string>../projectGenerator/addons/ofxFX/src/operations</string>
						<string>../projectGenerator/addons/ofxFft/libs</string>
						<string>../projectGenerator/addons/ofxFft/libs/fftw</string>
						<string>../projectGenerator/addons/ofxFft/libs/fftw/include</string>
						<string>../projectGenerator/addons/ofxFft/libs/fftw/lib</string>
						<string>../projectGenerator/addons/ofxFft/libs/kiss</string>
						<string>../projectGenerator/addons/ofxFft/src</string>
						<string>../projectGenerator/addons/ofxFluid/src</string>
					</array>
					<key>COMBINE_HIDPI_IMAGES</key>
					<string>YES</string>
					<key>COPY_PHASE_STRIP</key>
					<string>YES</string>
					<key>FRAMEWORK_SEARCH_PATHS</key>
					<string>$(inherited)</string>
					<key>GCC_GENERATE_DEBUGGING_SYMBOLS</key>
					<string>YES</string>
					<key>GCC_MODEL_TUNING</key>
					<string>NONE</string>
					<key>ICON</key>
					<string>$(ICON_NAME_RELEASE)</string>
					<key>ICON_FILE</key>
					<string>$(ICON_FILE_PATH)$(ICON)</string>
					<key>INFOPLIST_FILE</key>
					<string>openFrameworks-Info.plist</string>
					<key>INSTALL_PATH</key>
					<string>/Applications</string>
					<key>LIBRARY_SEARCH_PATHS</key>
					<string>$(inherited)</string>
					<key>PRODUCT_NAME</key>
					<string>$(TARGET_NAME)</string>
					<key>WRAPPER_EXTENSION</key>
					<string>app</string>
					<key>baseConfigurationReference</key>
					<string>E4EB6923138AFD0F00A09F29</string>
				</dict>
				<key>isa</key>
				<string>XCBuildConfiguration</string>
				<key>name</key>
				<string>Release</string>
			</dict>
			<key>E4B69E1C0A3A1BDC003C02F2</key>
			<dict>
				<key>children</key>
				<array>
					<string>E4B69E1D0A3A1BDC003C02F2</string>
					<string>E4B69E1E0A3A1BDC003C02F2</string>
					<string>E4B69E1F0A3A1BDC003C02F2</string>
					<string>776C5746D0DBC9DFC1E5B043</string>
					<string>120E2EF07C9726F4D14E6B07</string>
					<string>986D95DEB675E1DDD88B24F6</string>
					<string>F37BFEFF275BDEC29B4E5E0C</string>
					<string>F493A6DF8B56139976D478A1</string>
					<string>EE5556BF85B0562D311811A5</string>
					<string>B527F5D8D28E85B0A57ACBAB</string>
					<string>11FF9721A7B32E746E2B8570</string>
					<string>6F93F9B81E6E3A3F83830AB6</string>
					<string>295A05E9CBEE7E9C5EDA5AFB</string>
					<string>D6853605667EE835436F684A</string>
					<string>20973A4CC713FF2E36A6A8F9</string>
					<string>F3FC2745CBF78D5CFDAE6EEC</string>
					<string>EEBDA9FDB76B87B20C60301B</string>
				</array>
				<key>isa</key>
				<string>PBXGroup</string>
				<key>path</key>
				<string>src</string>
				<key>sourceTree</key>
				<string>SOURCE_ROOT</string>
			</dict>
			<key>E4B69E1D0A3A1BDC003C02F2</key>
			<dict>
				<key>fileEncoding</key>
				<string>4</string>
				<key>isa</key>
				<string>PBXFileReference</string>
				<key>lastKnownFileType</key>
				<string>sourcecode.cpp.cpp</string>
				<key>name</key>
				<string>main.cpp</string>
				<key>path</key>
				<string>src/main.cpp</string>
				<key>sourceTree</key>
				<string>SOURCE_ROOT</string>
			</dict>
			<key>E4B69E1E0A3A1BDC003C02F2</key>
			<dict>
				<key>explicitFileType</key>
				<string>sourcecode.cpp.cpp</string>
				<key>fileEncoding</key>
				<string>4</string>
				<key>isa</key>
				<string>PBXFileReference</string>
				<key>name</key>
				<string>ofApp.cpp</string>
				<key>path</key>
				<string>src/ofApp.cpp</string>
				<key>sourceTree</key>
				<string>SOURCE_ROOT</string>
			</dict>
			<key>E4B69E1F0A3A1BDC003C02F2</key>
			<dict>
				<key>fileEncoding</key>
				<string>4</string>
				<key>isa</key>
				<string>PBXFileReference</string>
				<key>lastKnownFileType</key>
				<string>sourcecode.c.h</string>
				<key>name</key>
				<string>ofApp.h</string>
				<key>path</key>
				<string>src/ofApp.h</string>
				<key>sourceTree</key>
				<string>SOURCE_ROOT</string>
			</dict>
			<key>E4B69E200A3A1BDC003C02F2</key>
			<dict>
				<key>fileRef</key>
				<string>E4B69E1D0A3A1BDC003C02F2</string>
				<key>isa</key>
				<string>PBXBuildFile</string>
			</dict>
			<key>E4B69E210A3A1BDC003C02F2</key>
			<dict>
				<key>fileRef</key>
				<string>E4B69E1E0A3A1BDC003C02F2</string>
				<key>isa</key>
				<string>PBXBuildFile</string>
			</dict>
			<key>E4B6FCAD0C3E899E008CF71C</key>
			<dict>
				<key>fileEncoding</key>
				<string>4</string>
				<key>isa</key>
				<string>PBXFileReference</string>
				<key>lastKnownFileType</key>
				<string>text.plist.xml</string>
				<key>path</key>
				<string>openFrameworks-Info.plist</string>
				<key>sourceTree</key>
				<string>&lt;group&gt;</string>
			</dict>
			<key>E4B6FFFD0C3F9AB9008CF71C</key>
			<dict>
				<key>buildActionMask</key>
				<string>2147483647</string>
				<key>files</key>
				<array />
				<key>inputPaths</key>
				<array />
				<key>isa</key>
				<string>PBXShellScriptBuildPhase</string>
				<key>outputPaths</key>
				<array />
				<key>runOnlyForDeploymentPostprocessing</key>
				<string>0</string>
				<key>shellPath</key>
				<string>/bin/sh</string>
				<key>shellScript</key>
				<string>mkdir -p "$TARGET_BUILD_DIR/$PRODUCT_NAME.app/Contents/Resources/"
# Copy default icon file into App/Resources
rsync -aved "$ICON_FILE" "$TARGET_BUILD_DIR/$PRODUCT_NAME.app/Contents/Resources/"
# Copy libfmod and change install directory for fmod to run
rsync -aved "$OF_PATH/libs/fmodex/lib/osx/libfmodex.dylib" "$TARGET_BUILD_DIR/$PRODUCT_NAME.app/Contents/Frameworks/";
install_name_tool -change @executable_path/libfmodex.dylib @executable_path/../Frameworks/libfmodex.dylib "$TARGET_BUILD_DIR/$PRODUCT_NAME.app/Contents/MacOS/$PRODUCT_NAME";

echo "$GCC_PREPROCESSOR_DEFINITIONS";
</string>
			</dict>
			<key>E4C2427710CC5ABF004149E2</key>
			<dict>
				<key>buildActionMask</key>
				<string>2147483647</string>
				<key>dstPath</key>
				<string />
				<key>dstSubfolderSpec</key>
				<string>10</string>
				<key>files</key>
				<array />
				<key>isa</key>
				<string>PBXCopyFilesBuildPhase</string>
				<key>runOnlyForDeploymentPostprocessing</key>
				<string>0</string>
			</dict>
			<key>E4EB691F138AFCF100A09F29</key>
			<dict>
				<key>fileEncoding</key>
				<string>4</string>
				<key>isa</key>
				<string>PBXFileReference</string>
				<key>lastKnownFileType</key>
				<string>text.xcconfig</string>
				<key>name</key>
				<string>CoreOF.xcconfig</string>
				<key>path</key>
				<string>../projectGenerator/libs/openFrameworksCompiled/project/osx/CoreOF.xcconfig</string>
				<key>sourceTree</key>
				<string>SOURCE_ROOT</string>
			</dict>
			<key>E4EB6923138AFD0F00A09F29</key>
			<dict>
				<key>fileEncoding</key>
				<string>4</string>
				<key>isa</key>
				<string>PBXFileReference</string>
				<key>lastKnownFileType</key>
				<string>text.xcconfig</string>
				<key>path</key>
				<string>Project.xcconfig</string>
				<key>sourceTree</key>
				<string>&lt;group&gt;</string>
			</dict>
			<key>E4EEB9AB138B136A00A80321</key>
			<dict>
				<key>containerPortal</key>
				<string>E4328143138ABC890047C5CB</string>
				<key>isa</key>
				<string>PBXContainerItemProxy</string>
				<key>proxyType</key>
				<string>1</string>
				<key>remoteGlobalIDString</key>
				<string>E4B27C1410CBEB8E00536013</string>
				<key>remoteInfo</key>
				<string>openFrameworks</string>
			</dict>
			<key>E4EEB9AC138B136A00A80321</key>
			<dict>
				<key>isa</key>
				<string>PBXTargetDependency</string>
				<key>name</key>
				<string>openFrameworks</string>
				<key>targetProxy</key>
				<string>E4EEB9AB138B136A00A80321</string>
			</dict>
			<key>E4EEC9E9138DF44700A80321</key>
			<dict>
				<key>children</key>
				<array>
					<string>E4EB691F138AFCF100A09F29</string>
					<string>E4328143138ABC890047C5CB</string>
				</array>
				<key>isa</key>
				<string>PBXGroup</string>
				<key>name</key>
				<string>openFrameworks</string>
				<key>sourceTree</key>
				<string>&lt;group&gt;</string>
			</dict>
		</dict>
		<key>rootObject</key>
		<string>E4B69B4C0A3A1720003C02F2</string>
	</dict>
</plist>
